# This file is automatically generated - do not edit it directly.
# Use https://weblate.rob006.net/projects/flarum/flarum-lock/sr/ for translation.
# You can read more about the process at https://github.com/rob006-software/flarum-translations/wiki.

flarum-lock:
  admin:
    permissions:
      lock_discussions_label: 'Закључавање дискусија'
  forum:
    badge:
      locked_tooltip: 'Закључано'
    discussion_controls:
      lock_button: 'Закључајте'
      unlock_button: 'Откључајте'
    notifications:
      discussion_locked_text: '{username} је закључао/ла дискусију'
    post_stream:
      discussion_locked_text: '{username} је закључао/ла дискусију.'
      discussion_unlocked_text: '{username} је откључао/ла дискусију.'
    settings:
      notify_discussion_locked_label: 'Ако неко закључа дискусију коју сам започео'
